// !$*UTF8*$!
{
	archiveVersion = 1;
	classes = {
	};
	objectVersion = 56;
	objects = {

/* Begin PBXBuildFile section */
		38774D4C2B8378F10028083B /* SongPageViewController.swift in Sources */ = {isa = PBXBuildFile; fileRef = 38774D4B2B8378F10028083B /* SongPageViewController.swift */; };
		38774D512B8385E10028083B /* greedySong.mp3 in Resources */ = {isa = PBXBuildFile; fileRef = 38774D4E2B8385E10028083B /* greedySong.mp3 */; };
		38774D522B8385E10028083B /* cruelSummerSong.mp3 in Resources */ = {isa = PBXBuildFile; fileRef = 38774D4F2B8385E10028083B /* cruelSummerSong.mp3 */; };
		38774D532B8385E10028083B /* yesAndSong.mp3 in Resources */ = {isa = PBXBuildFile; fileRef = 38774D502B8385E10028083B /* yesAndSong.mp3 */; };
		389B39252B813384007156F2 /* AppDelegate.swift in Sources */ = {isa = PBXBuildFile; fileRef = 389B39242B813384007156F2 /* AppDelegate.swift */; };
		389B39272B813384007156F2 /* SceneDelegate.swift in Sources */ = {isa = PBXBuildFile; fileRef = 389B39262B813384007156F2 /* SceneDelegate.swift */; };
		389B392C2B813385007156F2 /* Main.storyboard in Resources */ = {isa = PBXBuildFile; fileRef = 389B392A2B813385007156F2 /* Main.storyboard */; };
		389B392E2B813385007156F2 /* Assets.xcassets in Resources */ = {isa = PBXBuildFile; fileRef = 389B392D2B813385007156F2 /* Assets.xcassets */; };
		389B39312B813385007156F2 /* LaunchScreen.storyboard in Resources */ = {isa = PBXBuildFile; fileRef = 389B392F2B813385007156F2 /* LaunchScreen.storyboard */; };
		389B393C2B813872007156F2 /* MusicTableViewCell.swift in Sources */ = {isa = PBXBuildFile; fileRef = 389B393B2B813872007156F2 /* MusicTableViewCell.swift */; };
		389B393E2B813899007156F2 /* MusicTableViewController.swift in Sources */ = {isa = PBXBuildFile; fileRef = 389B393D2B813899007156F2 /* MusicTableViewController.swift */; };
		389B39402B813EDF007156F2 /* File.swift in Sources */ = {isa = PBXBuildFile; fileRef = 389B393F2B813EDF007156F2 /* File.swift */; };
/* End PBXBuildFile section */

/* Begin PBXFileReference section */
		38774D4B2B8378F10028083B /* SongPageViewController.swift */ = {isa = PBXFileReference; lastKnownFileType = sourcecode.swift; path = SongPageViewController.swift; sourceTree = "<group>"; };
		38774D4E2B8385E10028083B /* greedySong.mp3 */ = {isa = PBXFileReference; lastKnownFileType = audio.mp3; path = greedySong.mp3; sourceTree = "<group>"; };
		38774D4F2B8385E10028083B /* cruelSummerSong.mp3 */ = {isa = PBXFileReference; lastKnownFileType = audio.mp3; path = cruelSummerSong.mp3; sourceTree = "<group>"; };
		38774D502B8385E10028083B /* yesAndSong.mp3 */ = {isa = PBXFileReference; lastKnownFileType = audio.mp3; path = yesAndSong.mp3; sourceTree = "<group>"; };
		389B39212B813384007156F2 /* Pear Music.app */ = {isa = PBXFileReference; explicitFileType = wrapper.application; includeInIndex = 0; path = "Pear Music.app"; sourceTree = BUILT_PRODUCTS_DIR; };
		389B39242B813384007156F2 /* AppDelegate.swift */ = {isa = PBXFileReference; lastKnownFileType = sourcecode.swift; path = AppDelegate.swift; sourceTree = "<group>"; };
		389B39262B813384007156F2 /* SceneDelegate.swift */ = {isa = PBXFileReference; lastKnownFileType = sourcecode.swift; path = SceneDelegate.swift; sourceTree = "<group>"; };
		389B392B2B813385007156F2 /* Base */ = {isa = PBXFileReference; lastKnownFileType = file.storyboard; name = Base; path = Base.lproj/Main.storyboard; sourceTree = "<group>"; };
		389B392D2B813385007156F2 /* Assets.xcassets */ = {isa = PBXFileReference; lastKnownFileType = folder.assetcatalog; path = Assets.xcassets; sourceTree = "<group>"; };
		389B39302B813385007156F2 /* Base */ = {isa = PBXFileReference; lastKnownFileType = file.storyboard; name = Base; path = Base.lproj/LaunchScreen.storyboard; sourceTree = "<group>"; };
		389B39322B813385007156F2 /* Info.plist */ = {isa = PBXFileReference; lastKnownFileType = text.plist.xml; path = Info.plist; sourceTree = "<group>"; };
		389B393B2B813872007156F2 /* MusicTableViewCell.swift */ = {isa = PBXFileReference; lastKnownFileType = sourcecode.swift; path = MusicTableViewCell.swift; sourceTree = "<group>"; };
		389B393D2B813899007156F2 /* MusicTableViewController.swift */ = {isa = PBXFileReference; lastKnownFileType = sourcecode.swift; path = MusicTableViewController.swift; sourceTree = "<group>"; };
		389B393F2B813EDF007156F2 /* File.swift */ = {isa = PBXFileReference; lastKnownFileType = sourcecode.swift; path = File.swift; sourceTree = "<group>"; };
/* End PBXFileReference section */

/* Begin PBXFrameworksBuildPhase section */
		389B391E2B813384007156F2 /* Frameworks */ = {
			isa = PBXFrameworksBuildPhase;
			buildActionMask = 2147483647;
			files = (
			);
			runOnlyForDeploymentPostprocessing = 0;
		};
/* End PBXFrameworksBuildPhase section */

/* Begin PBXGroup section */
		38774D4D2B8385D60028083B /* Songs */ = {
			isa = PBXGroup;
			children = (
				38774D4F2B8385E10028083B /* cruelSummerSong.mp3 */,
				38774D4E2B8385E10028083B /* greedySong.mp3 */,
				38774D502B8385E10028083B /* yesAndSong.mp3 */,
			);
			path = Songs;
			sourceTree = "<group>";
		};
		389B39182B813384007156F2 = {
			isa = PBXGroup;
			children = (
				389B39232B813384007156F2 /* Pear Music */,
				389B39222B813384007156F2 /* Products */,
			);
			sourceTree = "<group>";
		};
		389B39222B813384007156F2 /* Products */ = {
			isa = PBXGroup;
			children = (
				389B39212B813384007156F2 /* Pear Music.app */,
			);
			name = Products;
			sourceTree = "<group>";
		};
		389B39232B813384007156F2 /* Pear Music */ = {
			isa = PBXGroup;
			children = (
				38774D4D2B8385D60028083B /* Songs */,
				389B393A2B81357C007156F2 /* Model */,
				389B39392B813576007156F2 /* Controller */,
				389B39382B81356D007156F2 /* View */,
				389B39242B813384007156F2 /* AppDelegate.swift */,
				389B39262B813384007156F2 /* SceneDelegate.swift */,
				389B392D2B813385007156F2 /* Assets.xcassets */,
				389B39322B813385007156F2 /* Info.plist */,
			);
			path = "Pear Music";
			sourceTree = "<group>";
		};
		389B39382B81356D007156F2 /* View */ = {
			isa = PBXGroup;
			children = (
				389B392F2B813385007156F2 /* LaunchScreen.storyboard */,
				389B392A2B813385007156F2 /* Main.storyboard */,
			);
			path = View;
			sourceTree = "<group>";
		};
		389B39392B813576007156F2 /* Controller */ = {
			isa = PBXGroup;
			children = (
				389B393B2B813872007156F2 /* MusicTableViewCell.swift */,
				389B393D2B813899007156F2 /* MusicTableViewController.swift */,
				38774D4B2B8378F10028083B /* SongPageViewController.swift */,
			);
			path = Controller;
			sourceTree = "<group>";
		};
		389B393A2B81357C007156F2 /* Model */ = {
			isa = PBXGroup;
			children = (
				389B393F2B813EDF007156F2 /* File.swift */,
			);
			path = Model;
			sourceTree = "<group>";
		};
/* End PBXGroup section */

/* Begin PBXNativeTarget section */
		389B39202B813384007156F2 /* Pear Music */ = {
			isa = PBXNativeTarget;
			buildConfigurationList = 389B39352B813385007156F2 /* Build configuration list for PBXNativeTarget "Pear Music" */;
			buildPhases = (
				389B391D2B813384007156F2 /* Sources */,
				389B391E2B813384007156F2 /* Frameworks */,
				389B391F2B813384007156F2 /* Resources */,
			);
			buildRules = (
			);
			dependencies = (
			);
			name = "Pear Music";
			productName = "Pear Music";
			productReference = 389B39212B813384007156F2 /* Pear Music.app */;
			productType = "com.apple.product-type.application";
		};
/* End PBXNativeTarget section */

/* Begin PBXProject section */
		389B39192B813384007156F2 /* Project object */ = {
			isa = PBXProject;
			attributes = {
				BuildIndependentTargetsInParallel = 1;
				LastSwiftUpdateCheck = 1520;
				LastUpgradeCheck = 1520;
				TargetAttributes = {
					389B39202B813384007156F2 = {
						CreatedOnToolsVersion = 15.2;
					};
				};
			};
			buildConfigurationList = 389B391C2B813384007156F2 /* Build configuration list for PBXProject "Pear Music" */;
			compatibilityVersion = "Xcode 14.0";
			developmentRegion = en;
			hasScannedForEncodings = 0;
			knownRegions = (
				en,
				Base,
			);
			mainGroup = 389B39182B813384007156F2;
			productRefGroup = 389B39222B813384007156F2 /* Products */;
			projectDirPath = "";
			projectRoot = "";
			targets = (
				389B39202B813384007156F2 /* Pear Music */,
			);
		};
/* End PBXProject section */

/* Begin PBXResourcesBuildPhase section */
		389B391F2B813384007156F2 /* Resources */ = {
			isa = PBXResourcesBuildPhase;
			buildActionMask = 2147483647;
			files = (
				389B39312B813385007156F2 /* LaunchScreen.storyboard in Resources */,
				38774D522B8385E10028083B /* cruelSummerSong.mp3 in Resources */,
				389B392E2B813385007156F2 /* Assets.xcassets in Resources */,
				389B392C2B813385007156F2 /* Main.storyboard in Resources */,
				38774D512B8385E10028083B /* greedySong.mp3 in Resources */,
				38774D532B8385E10028083B /* yesAndSong.mp3 in Resources */,
			);
			runOnlyForDeploymentPostprocessing = 0;
		};
/* End PBXResourcesBuildPhase section */

/* Begin PBXSourcesBuildPhase section */
		389B391D2B813384007156F2 /* Sources */ = {
			isa = PBXSourcesBuildPhase;
			buildActionMask = 2147483647;
			files = (
				38774D4C2B8378F10028083B /* SongPageViewController.swift in Sources */,
				389B39402B813EDF007156F2 /* File.swift in Sources */,
				389B39252B813384007156F2 /* AppDelegate.swift in Sources */,
				389B393E2B813899007156F2 /* MusicTableViewController.swift in Sources */,
				389B39272B813384007156F2 /* SceneDelegate.swift in Sources */,
				389B393C2B813872007156F2 /* MusicTableViewCell.swift in Sources */,
			);
			runOnlyForDeploymentPostprocessing = 0;
		};
/* End PBXSourcesBuildPhase section */

/* Begin PBXVariantGroup section */
		389B392A2B813385007156F2 /* Main.storyboard */ = {
			isa = PBXVariantGroup;
			children = (
				389B392B2B813385007156F2 /* Base */,
			);
			name = Main.storyboard;
			sourceTree = "<group>";
		};
		389B392F2B813385007156F2 /* LaunchScreen.storyboard */ = {
			isa = PBXVariantGroup;
			children = (
				389B39302B813385007156F2 /* Base */,
			);
			name = LaunchScreen.storyboard;
			sourceTree = "<group>";
		};
/* End PBXVariantGroup section */

/* Begin XCBuildConfiguration section */
		389B39332B813385007156F2 /* Debug */ = {
			isa = XCBuildConfiguration;
			buildSettings = {
				ALWAYS_SEARCH_USER_PATHS = NO;
				ASSETCATALOG_COMPILER_GENERATE_SWIFT_ASSET_SYMBOL_EXTENSIONS = YES;
				CLANG_ANALYZER_NONNULL = YES;
				CLANG_ANALYZER_NUMBER_OBJECT_CONVERSION = YES_AGGRESSIVE;
				CLANG_CXX_LANGUAGE_STANDARD = "gnu++20";
				CLANG_ENABLE_MODULES = YES;
				CLANG_ENABLE_OBJC_ARC = YES;
				CLANG_ENABLE_OBJC_WEAK = YES;
				CLANG_WARN_BLOCK_CAPTURE_AUTORELEASING = YES;
				CLANG_WARN_BOOL_CONVERSION = YES;
				CLANG_WARN_COMMA = YES;
				CLANG_WARN_CONSTANT_CONVERSION = YES;
				CLANG_WARN_DEPRECATED_OBJC_IMPLEMENTATIONS = YES;
				CLANG_WARN_DIRECT_OBJC_ISA_USAGE = YES_ERROR;
				CLANG_WARN_DOCUMENTATION_COMMENTS = YES;
				CLANG_WARN_EMPTY_BODY = YES;
				CLANG_WARN_ENUM_CONVERSION = YES;
				CLANG_WARN_INFINITE_RECURSION = YES;
				CLANG_WARN_INT_CONVERSION = YES;
				CLANG_WARN_NON_LITERAL_NULL_CONVERSION = YES;
				CLANG_WARN_OBJC_IMPLICIT_RETAIN_SELF = YES;
				CLANG_WARN_OBJC_LITERAL_CONVERSION = YES;
				CLANG_WARN_OBJC_ROOT_CLASS = YES_ERROR;
				CLANG_WARN_QUOTED_INCLUDE_IN_FRAMEWORK_HEADER = YES;
				CLANG_WARN_RANGE_LOOP_ANALYSIS = YES;
				CLANG_WARN_STRICT_PROTOTYPES = YES;
				CLANG_WARN_SUSPICIOUS_MOVE = YES;
				CLANG_WARN_UNGUARDED_AVAILABILITY = YES_AGGRESSIVE;
				CLANG_WARN_UNREACHABLE_CODE = YES;
				CLANG_WARN__DUPLICATE_METHOD_MATCH = YES;
				COPY_PHASE_STRIP = NO;
				DEBUG_INFORMATION_FORMAT = dwarf;
				ENABLE_STRICT_OBJC_MSGSEND = YES;
				ENABLE_TESTABILITY = YES;
				ENABLE_USER_SCRIPT_SANDBOXING = YES;
				GCC_C_LANGUAGE_STANDARD = gnu17;
				GCC_DYNAMIC_NO_PIC = NO;
				GCC_NO_COMMON_BLOCKS = YES;
				GCC_OPTIMIZATION_LEVEL = 0;
				GCC_PREPROCESSOR_DEFINITIONS = (
					"DEBUG=1",
					"$(inherited)",
				);
				GCC_WARN_64_TO_32_BIT_CONVERSION = YES;
				GCC_WARN_ABOUT_RETURN_TYPE = YES_ERROR;
				GCC_WARN_UNDECLARED_SELECTOR = YES;
				GCC_WARN_UNINITIALIZED_AUTOS = YES_AGGRESSIVE;
				GCC_WARN_UNUSED_FUNCTION = YES;
				GCC_WARN_UNUSED_VARIABLE = YES;
				IPHONEOS_DEPLOYMENT_TARGET = 17.2;
				LOCALIZATION_PREFERS_STRING_CATALOGS = YES;
				MTL_ENABLE_DEBUG_INFO = INCLUDE_SOURCE;
				MTL_FAST_MATH = YES;
				ONLY_ACTIVE_ARCH = YES;
				SDKROOT = iphoneos;
				SWIFT_ACTIVE_COMPILATION_CONDITIONS = "DEBUG $(inherited)";
				SWIFT_OPTIMIZATION_LEVEL = "-Onone";
			};
			name = Debug;
		};
		389B39342B813385007156F2 /* Release */ = {
			isa = XCBuildConfiguration;
			buildSettings = {
				ALWAYS_SEARCH_USER_PATHS = NO;
				ASSETCATALOG_COMPILER_GENERATE_SWIFT_ASSET_SYMBOL_EXTENSIONS = YES;
				CLANG_ANALYZER_NONNULL = YES;
				CLANG_ANALYZER_NUMBER_OBJECT_CONVERSION = YES_AGGRESSIVE;
				CLANG_CXX_LANGUAGE_STANDARD = "gnu++20";
				CLANG_ENABLE_MODULES = YES;
				CLANG_ENABLE_OBJC_ARC = YES;
				CLANG_ENABLE_OBJC_WEAK = YES;
				CLANG_WARN_BLOCK_CAPTURE_AUTORELEASING = YES;
				CLANG_WARN_BOOL_CONVERSION = YES;
				CLANG_WARN_COMMA = YES;
				CLANG_WARN_CONSTANT_CONVERSION = YES;
				CLANG_WARN_DEPRECATED_OBJC_IMPLEMENTATIONS = YES;
				CLANG_WARN_DIRECT_OBJC_ISA_USAGE = YES_ERROR;
				CLANG_WARN_DOCUMENTATION_COMMENTS = YES;
				CLANG_WARN_EMPTY_BODY = YES;
				CLANG_WARN_ENUM_CONVERSION = YES;
				CLANG_WARN_INFINITE_RECURSION = YES;
				CLANG_WARN_INT_CONVERSION = YES;
				CLANG_WARN_NON_LITERAL_NULL_CONVERSION = YES;
				CLANG_WARN_OBJC_IMPLICIT_RETAIN_SELF = YES;
				CLANG_WARN_OBJC_LITERAL_CONVERSION = YES;
				CLANG_WARN_OBJC_ROOT_CLASS = YES_ERROR;
				CLANG_WARN_QUOTED_INCLUDE_IN_FRAMEWORK_HEADER = YES;
				CLANG_WARN_RANGE_LOOP_ANALYSIS = YES;
				CLANG_WARN_STRICT_PROTOTYPES = YES;
				CLANG_WARN_SUSPICIOUS_MOVE = YES;
				CLANG_WARN_UNGUARDED_AVAILABILITY = YES_AGGRESSIVE;
				CLANG_WARN_UNREACHABLE_CODE = YES;
				CLANG_WARN__DUPLICATE_METHOD_MATCH = YES;
				COPY_PHASE_STRIP = NO;
				DEBUG_INFORMATION_FORMAT = "dwarf-with-dsym";
				ENABLE_NS_ASSERTIONS = NO;
				ENABLE_STRICT_OBJC_MSGSEND = YES;
				ENABLE_USER_SCRIPT_SANDBOXING = YES;
				GCC_C_LANGUAGE_STANDARD = gnu17;
				GCC_NO_COMMON_BLOCKS = YES;
				GCC_WARN_64_TO_32_BIT_CONVERSION = YES;
				GCC_WARN_ABOUT_RETURN_TYPE = YES_ERROR;
				GCC_WARN_UNDECLARED_SELECTOR = YES;
				GCC_WARN_UNINITIALIZED_AUTOS = YES_AGGRESSIVE;
				GCC_WARN_UNUSED_FUNCTION = YES;
				GCC_WARN_UNUSED_VARIABLE = YES;
				IPHONEOS_DEPLOYMENT_TARGET = 17.2;
				LOCALIZATION_PREFERS_STRING_CATALOGS = YES;
				MTL_ENABLE_DEBUG_INFO = NO;
				MTL_FAST_MATH = YES;
				SDKROOT = iphoneos;
				SWIFT_COMPILATION_MODE = wholemodule;
				VALIDATE_PRODUCT = YES;
			};
			name = Release;
		};
		389B39362B813385007156F2 /* Debug */ = {
			isa = XCBuildConfiguration;
			buildSettings = {
				ASSETCATALOG_COMPILER_APPICON_NAME = AppIcon;
				ASSETCATALOG_COMPILER_GLOBAL_ACCENT_COLOR_NAME = AccentColor;
				CODE_SIGN_STYLE = Automatic;
				CURRENT_PROJECT_VERSION = 1;
				GENERATE_INFOPLIST_FILE = YES;
				INFOPLIST_FILE = "Pear Music/Info.plist";
				INFOPLIST_KEY_UIApplicationSupportsIndirectInputEvents = YES;
				INFOPLIST_KEY_UILaunchStoryboardName = LaunchScreen;
				INFOPLIST_KEY_UIMainStoryboardFile = Main;
				INFOPLIST_KEY_UISupportedInterfaceOrientations_iPad = "UIInterfaceOrientationPortrait UIInterfaceOrientationPortraitUpsideDown UIInterfaceOrientationLandscapeLeft UIInterfaceOrientationLandscapeRight";
				INFOPLIST_KEY_UISupportedInterfaceOrientations_iPhone = "UIInterfaceOrientationPortrait UIInterfaceOrientationLandscapeLeft UIInterfaceOrientationLandscapeRight";
				LD_RUNPATH_SEARCH_PATHS = (
					"$(inherited)",
					"@executable_path/Frameworks",
				);
				MARKETING_VERSION = 1.0;
				PRODUCT_BUNDLE_IDENTIFIER = "xjowin.Pear-Music";
				PRODUCT_NAME = "$(TARGET_NAME)";
				SWIFT_EMIT_LOC_STRINGS = YES;
				SWIFT_VERSION = 5.0;
				TARGETED_DEVICE_FAMILY = "1,2";
			};
			name = Debug;
		};
		389B39372B813385007156F2 /* Release */ = {
			isa = XCBuildConfiguration;
			buildSettings = {
				ASSETCATALOG_COMPILER_APPICON_NAME = AppIcon;
				ASSETCATALOG_COMPILER_GLOBAL_ACCENT_COLOR_NAME = AccentColor;
				CODE_SIGN_STYLE = Automatic;
				CURRENT_PROJECT_VERSION = 1;
				GENERATE_INFOPLIST_FILE = YES;
				INFOPLIST_FILE = "Pear Music/Info.plist";
				INFOPLIST_KEY_UIApplicationSupportsIndirectInputEvents = YES;
				INFOPLIST_KEY_UILaunchStoryboardName = LaunchScreen;
				INFOPLIST_KEY_UIMainStoryboardFile = Main;
				INFOPLIST_KEY_UISupportedInterfaceOrientations_iPad = "UIInterfaceOrientationPortrait UIInterfaceOrientationPortraitUpsideDown UIInterfaceOrientationLandscapeLeft UIInterfaceOrientationLandscapeRight";
				INFOPLIST_KEY_UISupportedInterfaceOrientations_iPhone = "UIInterfaceOrientationPortrait UIInterfaceOrientationLandscapeLeft UIInterfaceOrientationLandscapeRight";
				LD_RUNPATH_SEARCH_PATHS = (
					"$(inherited)",
					"@executable_path/Frameworks",
				);
				MARKETING_VERSION = 1.0;
				PRODUCT_BUNDLE_IDENTIFIER = "xjowin.Pear-Music";
				PRODUCT_NAME = "$(TARGET_NAME)";
				SWIFT_EMIT_LOC_STRINGS = YES;
				SWIFT_VERSION = 5.0;
				TARGETED_DEVICE_FAMILY = "1,2";
			};
			name = Release;
		};
/* End XCBuildConfiguration section */

/* Begin XCConfigurationList section */
		389B391C2B813384007156F2 /* Build configuration list for PBXProject "Pear Music" */ = {
			isa = XCConfigurationList;
			buildConfigurations = (
				389B39332B813385007156F2 /* Debug */,
				389B39342B813385007156F2 /* Release */,
			);
			defaultConfigurationIsVisible = 0;
			defaultConfigurationName = Release;
		};
		389B39352B813385007156F2 /* Build configuration list for PBXNativeTarget "Pear Music" */ = {
			isa = XCConfigurationList;
			buildConfigurations = (
				389B39362B813385007156F2 /* Debug */,
				389B39372B813385007156F2 /* Release */,
			);
			defaultConfigurationIsVisible = 0;
			defaultConfigurationName = Release;
		};
/* End XCConfigurationList section */
	};
	rootObject = 389B39192B813384007156F2 /* Project object */;
}
